
Microsoft Visual Studio Solution File, Format Version 12.00
# Visual Studio Version 17
VisualStudioVersion = 17.2.32519.379
MinimumVisualStudioVersion = 10.0.40219.1
Project("{9A19103F-16F7-4668-BE54-9A1E7A4F7556}") = "Server", "Server\Server.csproj", "{526F56E6-3972-453B-83AE-C4DA75CBC869}"
EndProject
Project("{9A19103F-16F7-4668-BE54-9A1E7A4F7556}") = "ClassLib", "ClassLib\ClassLib.csproj", "{60B9E630-66E6-4E07-BC28-6BD945003425}"
EndProject
Project("{9A19103F-16F7-4668-BE54-9A1E7A4F7556}") = "Client", "Client\Client.csproj", "{966F2B2E-8BCA-4F8F-BDB1-8D9DDA2158B6}"
EndProject
Project("{FAE04EC0-301F-11D3-BF4B-00C04F79EFBC}") = "Testavimas", "Testavimas\Testavimas.csproj", "{C92FA675-D9F7-4F4B-A90D-5A190CEF3B31}"
EndProject
Global
	GlobalSection(SolutionConfigurationPlatforms) = preSolution
		Debug|Any CPU = Debug|Any CPU
		Release|Any CPU = Release|Any CPU
	EndGlobalSection
	GlobalSection(ProjectConfigurationPlatforms) = postSolution
		{526F56E6-3972-453B-83AE-C4DA75CBC869}.Debug|Any CPU.ActiveCfg = Debug|Any CPU
		{526F56E6-3972-453B-83AE-C4DA75CBC869}.Debug|Any CPU.Build.0 = Debug|Any CPU
		{526F56E6-3972-453B-83AE-C4DA75CBC869}.Release|Any CPU.ActiveCfg = Release|Any CPU
		{526F56E6-3972-453B-83AE-C4DA75CBC869}.Release|Any CPU.Build.0 = Release|Any CPU
		{60B9E630-66E6-4E07-BC28-6BD945003425}.Debug|Any CPU.ActiveCfg = Debug|Any CPU
		{60B9E630-66E6-4E07-BC28-6BD945003425}.Debug|Any CPU.Build.0 = Debug|Any CPU
		{60B9E630-66E6-4E07-BC28-6BD945003425}.Release|Any CPU.ActiveCfg = Release|Any CPU
		{60B9E630-66E6-4E07-BC28-6BD945003425}.Release|Any CPU.Build.0 = Release|Any CPU
		{966F2B2E-8BCA-4F8F-BDB1-8D9DDA2158B6}.Debug|Any CPU.ActiveCfg = Debug|Any CPU
		{966F2B2E-8BCA-4F8F-BDB1-8D9DDA2158B6}.Debug|Any CPU.Build.0 = Debug|Any CPU
		{966F2B2E-8BCA-4F8F-BDB1-8D9DDA2158B6}.Release|Any CPU.ActiveCfg = Release|Any CPU
		{966F2B2E-8BCA-4F8F-BDB1-8D9DDA2158B6}.Release|Any CPU.Build.0 = Release|Any CPU
		{C92FA675-D9F7-4F4B-A90D-5A190CEF3B31}.Debug|Any CPU.ActiveCfg = Debug|Any CPU
		{C92FA675-D9F7-4F4B-A90D-5A190CEF3B31}.Debug|Any CPU.Build.0 = Debug|Any CPU
		{C92FA675-D9F7-4F4B-A90D-5A190CEF3B31}.Release|Any CPU.ActiveCfg = Release|Any CPU
		{C92FA675-D9F7-4F4B-A90D-5A190CEF3B31}.Release|Any CPU.Build.0 = Release|Any CPU
	EndGlobalSection
	GlobalSection(SolutionProperties) = preSolution
		HideSolutionNode = FALSE
	EndGlobalSection
	GlobalSection(ExtensibilityGlobals) = postSolution
		SolutionGuid = {9EC4559D-98BE-4B94-872E-CE64C87ECF57}
	EndGlobalSection
EndGlobal
